{
  "nodes": {
    "home-manager": {
      "inputs": {
        "nixpkgs": [
          "nixpkgs"
        ]
      },
      "locked": {
        "lastModified": 1789269425,
        "narHash": "sha256-54zlPMSTvXRE0SzeabsNn0QmP5DXGoVLTUyvrMNzqa0=",
        "owner": "nix-community",
        "repo": "home-manager",
        "rev": "73d6a67161df12bfbf327afc2b8e065174f46258",
        "type": "github"
      },
      "original": {
        "owner": "nix-community",
        "repo": "home-manager",
        "type": "github"
      }
    },
    "mactahoe-gtk-src": {
      "flake": false,
      "locked": {
        "lastModified": 1789030263,
        "narHash": "sha256-P4zevOTHd7KKLj3a9wkaY96tMFMg7iZEpz3NkbdyTwM=",
        "owner": "vinceliuice",
        "repo": "MacTahoe-gtk-theme",
        "rev": "0aa2a2ba1e07277a49dae9a3b90881c899d2afbe",
        "type": "github"
      },
      "original": {
        "owner": "vinceliuice",
        "repo": "MacTahoe-gtk-theme",
        "type": "github"
      }
    },
    "nixpkgs": {
      "locked": {
        "lastModified": 1789149629,
        "narHash": "sha256-H6GwaZzZf+4npqv0tph94w9tZddSjFjmQrVsW0z78uk=",
        "owner": "nixos",
        "repo": "nixpkgs",
        "rev": "eaad089433ca2bb662274377d33df3d0e51ef28b",
        "type": "github"
      },
      "original": {
        "owner": "nixos",
        "ref": "nixos-unstable",
        "repo": "nixpkgs",
        "type": "github"
      }
    },
    "root": {
      "inputs": {
        "home-manager": "home-manager",
        "mactahoe-gtk-src": "mactahoe-gtk-src",
        "nixpkgs": "nixpkgs",
        "zen-browser": "zen-browser"
      }
    },
    "zen-browser": {
      "inputs": {
        "nixpkgs": [
          "nixpkgs"
        ]
      },
      "locked": {
        "lastModified": 1788682845,
        "narHash": "sha256-E03KyK0Sj+ia+FSy47XC4v9enU1C/lGiW5ZKmcJoI1M=",
        "owner": "youwen5",
        "repo": "zen-browser-flake",
        "rev": "3aadc420e763a8243aedd2ce925ae1dc13663ed9",
        "type": "github"
      },
      "original": {
        "owner": "youwen5",
        "repo": "zen-browser-flake",
        "type": "github"
      }
    }
  },
  "root": "root",
  "version": 7
}
